// !$*UTF8*$!
{
	archiveVersion = 1;
	classes = {
	};
	objectVersion = 51;
	objects = {

/* Begin PBXBuildFile section */
		7732D8342810D631003E08A9 /* AppDelegate.swift in Sources */ = {isa = PBXBuildFile; fileRef = 7732D8332810D631003E08A9 /* AppDelegate.swift */; };
		7732D8362810D631003E08A9 /* SceneDelegate.swift in Sources */ = {isa = PBXBuildFile; fileRef = 7732D8352810D631003E08A9 /* SceneDelegate.swift */; };
		7732D8382810D631003E08A9 /* ViewController.swift in Sources */ = {isa = PBXBuildFile; fileRef = 7732D8372810D631003E08A9 /* ViewController.swift */; };
		7732D83B2810D631003E08A9 /* Main.storyboard in Resources */ = {isa = PBXBuildFile; fileRef = 7732D8392810D631003E08A9 /* Main.storyboard */; };
		7732D83D2810D633003E08A9 /* Assets.xcassets in Resources */ = {isa = PBXBuildFile; fileRef = 7732D83C2810D633003E08A9 /* Assets.xcassets */; };
		7732D8402810D633003E08A9 /* LaunchScreen.storyboard in Resources */ = {isa = PBXBuildFile; fileRef = 7732D83E2810D633003E08A9 /* LaunchScreen.storyboard */; };
		7732D8602810D90F003E08A9 /* ApiURL.swift in Sources */ = {isa = PBXBuildFile; fileRef = 7732D85E2810D90F003E08A9 /* ApiURL.swift */; };
		7732D8612810D90F003E08A9 /* HttpUtility.swift in Sources */ = {isa = PBXBuildFile; fileRef = 7732D85F2810D90F003E08A9 /* HttpUtility.swift */; };
		7732D8652810DA14003E08A9 /* CurrentWheatherDataResponse.swift in Sources */ = {isa = PBXBuildFile; fileRef = 7732D8642810DA13003E08A9 /* CurrentWheatherDataResponse.swift */; };
		7732D8692810DA2C003E08A9 /* GeoCodingResponse.swift in Sources */ = {isa = PBXBuildFile; fileRef = 7732D8682810DA2C003E08A9 /* GeoCodingResponse.swift */; };
		7732D8782810E4FC003E08A9 /* SplashViewController.swift in Sources */ = {isa = PBXBuildFile; fileRef = 7732D8772810E4FC003E08A9 /* SplashViewController.swift */; };
		7732D87B2810E520003E08A9 /* SearchCityViewController.swift in Sources */ = {isa = PBXBuildFile; fileRef = 7732D87A2810E520003E08A9 /* SearchCityViewController.swift */; };
		7732D87E2810E542003E08A9 /* WeatherListViewController.swift in Sources */ = {isa = PBXBuildFile; fileRef = 7732D87D2810E542003E08A9 /* WeatherListViewController.swift */; };
		7732D8812810E5A6003E08A9 /* WeatherDetailViewController.swift in Sources */ = {isa = PBXBuildFile; fileRef = 7732D8802810E5A6003E08A9 /* WeatherDetailViewController.swift */; };
		7732D8852810E858003E08A9 /* Extensions.swift in Sources */ = {isa = PBXBuildFile; fileRef = 7732D8842810E858003E08A9 /* Extensions.swift */; };
		7732D8882810E9C5003E08A9 /* SearchCityViewModel.swift in Sources */ = {isa = PBXBuildFile; fileRef = 7732D8872810E9C5003E08A9 /* SearchCityViewModel.swift */; };
		7732D88B2810E9D1003E08A9 /* SearchCityModel.swift in Sources */ = {isa = PBXBuildFile; fileRef = 7732D88A2810E9D1003E08A9 /* SearchCityModel.swift */; };
		7732D88E2810EC5C003E08A9 /* Constants.swift in Sources */ = {isa = PBXBuildFile; fileRef = 7732D88D2810EC5C003E08A9 /* Constants.swift */; };
		7732D89128112DE1003E08A9 /* WeatherListModel.swift in Sources */ = {isa = PBXBuildFile; fileRef = 7732D89028112DE1003E08A9 /* WeatherListModel.swift */; };
		7732D894281133F8003E08A9 /* WeatherListViewModel.swift in Sources */ = {isa = PBXBuildFile; fileRef = 7732D893281133F8003E08A9 /* WeatherListViewModel.swift */; };
		7732D89E2813F198003E08A9 /* MasterViewController.swift in Sources */ = {isa = PBXBuildFile; fileRef = 7732D89D2813F198003E08A9 /* MasterViewController.swift */; };
		D3ACD0A6DDFF42626A9DF6CF /* Pods_LocusAssignment.framework in Frameworks */ = {isa = PBXBuildFile; fileRef = 51919EDA2AB15072FC7803C2 /* Pods_LocusAssignment.framework */; };
/* End PBXBuildFile section */

/* Begin PBXFileReference section */
		51919EDA2AB15072FC7803C2 /* Pods_LocusAssignment.framework */ = {isa = PBXFileReference; explicitFileType = wrapper.framework; includeInIndex = 0; path = Pods_LocusAssignment.framework; sourceTree = BUILT_PRODUCTS_DIR; };
		7732D8302810D631003E08A9 /* LocusAssignment.app */ = {isa = PBXFileReference; explicitFileType = wrapper.application; includeInIndex = 0; path = LocusAssignment.app; sourceTree = BUILT_PRODUCTS_DIR; };
		7732D8332810D631003E08A9 /* AppDelegate.swift */ = {isa = PBXFileReference; lastKnownFileType = sourcecode.swift; path = AppDelegate.swift; sourceTree = "<group>"; };
		7732D8352810D631003E08A9 /* SceneDelegate.swift */ = {isa = PBXFileReference; lastKnownFileType = sourcecode.swift; path = SceneDelegate.swift; sourceTree = "<group>"; };
		7732D8372810D631003E08A9 /* ViewController.swift */ = {isa = PBXFileReference; lastKnownFileType = sourcecode.swift; path = ViewController.swift; sourceTree = "<group>"; };
		7732D83A2810D631003E08A9 /* Base */ = {isa = PBXFileReference; lastKnownFileType = file.storyboard; name = Base; path = Base.lproj/Main.storyboard; sourceTree = "<group>"; };
		7732D83C2810D633003E08A9 /* Assets.xcassets */ = {isa = PBXFileReference; lastKnownFileType = folder.assetcatalog; path = Assets.xcassets; sourceTree = "<group>"; };
		7732D83F2810D633003E08A9 /* Base */ = {isa = PBXFileReference; lastKnownFileType = file.storyboard; name = Base; path = Base.lproj/LaunchScreen.storyboard; sourceTree = "<group>"; };
		7732D8412810D633003E08A9 /* Info.plist */ = {isa = PBXFileReference; lastKnownFileType = text.plist.xml; path = Info.plist; sourceTree = "<group>"; };
		7732D85E2810D90F003E08A9 /* ApiURL.swift */ = {isa = PBXFileReference; fileEncoding = 4; lastKnownFileType = sourcecode.swift; path = ApiURL.swift; sourceTree = "<group>"; };
		7732D85F2810D90F003E08A9 /* HttpUtility.swift */ = {isa = PBXFileReference; fileEncoding = 4; lastKnownFileType = sourcecode.swift; path = HttpUtility.swift; sourceTree = "<group>"; };
		7732D8642810DA13003E08A9 /* CurrentWheatherDataResponse.swift */ = {isa = PBXFileReference; lastKnownFileType = sourcecode.swift; path = CurrentWheatherDataResponse.swift; sourceTree = "<group>"; };
		7732D8682810DA2C003E08A9 /* GeoCodingResponse.swift */ = {isa = PBXFileReference; lastKnownFileType = sourcecode.swift; path = GeoCodingResponse.swift; sourceTree = "<group>"; };
		7732D8772810E4FC003E08A9 /* SplashViewController.swift */ = {isa = PBXFileReference; lastKnownFileType = sourcecode.swift; path = SplashViewController.swift; sourceTree = "<group>"; };
		7732D87A2810E520003E08A9 /* SearchCityViewController.swift */ = {isa = PBXFileReference; lastKnownFileType = sourcecode.swift; path = SearchCityViewController.swift; sourceTree = "<group>"; };
		7732D87D2810E542003E08A9 /* WeatherListViewController.swift */ = {isa = PBXFileReference; lastKnownFileType = sourcecode.swift; path = WeatherListViewController.swift; sourceTree = "<group>"; };
		7732D8802810E5A6003E08A9 /* WeatherDetailViewController.swift */ = {isa = PBXFileReference; lastKnownFileType = sourcecode.swift; path = WeatherDetailViewController.swift; sourceTree = "<group>"; };
		7732D8842810E858003E08A9 /* Extensions.swift */ = {isa = PBXFileReference; lastKnownFileType = sourcecode.swift; path = Extensions.swift; sourceTree = "<group>"; };
		7732D8872810E9C5003E08A9 /* SearchCityViewModel.swift */ = {isa = PBXFileReference; lastKnownFileType = sourcecode.swift; path = SearchCityViewModel.swift; sourceTree = "<group>"; };
		7732D88A2810E9D1003E08A9 /* SearchCityModel.swift */ = {isa = PBXFileReference; lastKnownFileType = sourcecode.swift; path = SearchCityModel.swift; sourceTree = "<group>"; };
		7732D88D2810EC5C003E08A9 /* Constants.swift */ = {isa = PBXFileReference; lastKnownFileType = sourcecode.swift; path = Constants.swift; sourceTree = "<group>"; };
		7732D89028112DE1003E08A9 /* WeatherListModel.swift */ = {isa = PBXFileReference; lastKnownFileType = sourcecode.swift; path = WeatherListModel.swift; sourceTree = "<group>"; };
		7732D893281133F8003E08A9 /* WeatherListViewModel.swift */ = {isa = PBXFileReference; lastKnownFileType = sourcecode.swift; path = WeatherListViewModel.swift; sourceTree = "<group>"; };
		7732D89D2813F198003E08A9 /* MasterViewController.swift */ = {isa = PBXFileReference; lastKnownFileType = sourcecode.swift; path = MasterViewController.swift; sourceTree = "<group>"; };
		ED53BD0C2F09E5764EB1A888 /* Pods-LocusAssignment.release.xcconfig */ = {isa = PBXFileReference; includeInIndex = 1; lastKnownFileType = text.xcconfig; name = "Pods-LocusAssignment.release.xcconfig"; path = "Target Support Files/Pods-LocusAssignment/Pods-LocusAssignment.release.xcconfig"; sourceTree = "<group>"; };
		FFC432B9A5936CBB00688655 /* Pods-LocusAssignment.debug.xcconfig */ = {isa = PBXFileReference; includeInIndex = 1; lastKnownFileType = text.xcconfig; name = "Pods-LocusAssignment.debug.xcconfig"; path = "Target Support Files/Pods-LocusAssignment/Pods-LocusAssignment.debug.xcconfig"; sourceTree = "<group>"; };
/* End PBXFileReference section */

/* Begin PBXFrameworksBuildPhase section */
		7732D82D2810D631003E08A9 /* Frameworks */ = {
			isa = PBXFrameworksBuildPhase;
			buildActionMask = 2147483647;
			files = (
				D3ACD0A6DDFF42626A9DF6CF /* Pods_LocusAssignment.framework in Frameworks */,
			);
			runOnlyForDeploymentPostprocessing = 0;
		};
/* End PBXFrameworksBuildPhase section */

/* Begin PBXGroup section */
		4723583A7F8D53A2268387FD /* Pods */ = {
			isa = PBXGroup;
			children = (
				FFC432B9A5936CBB00688655 /* Pods-LocusAssignment.debug.xcconfig */,
				ED53BD0C2F09E5764EB1A888 /* Pods-LocusAssignment.release.xcconfig */,
			);
			path = Pods;
			sourceTree = "<group>";
		};
		5A1DB108653A86232172492F /* Frameworks */ = {
			isa = PBXGroup;
			children = (
				51919EDA2AB15072FC7803C2 /* Pods_LocusAssignment.framework */,
			);
			name = Frameworks;
			sourceTree = "<group>";
		};
		7732D8272810D631003E08A9 = {
			isa = PBXGroup;
			children = (
				7732D8322810D631003E08A9 /* LocusAssignment */,
				7732D8312810D631003E08A9 /* Products */,
				4723583A7F8D53A2268387FD /* Pods */,
				5A1DB108653A86232172492F /* Frameworks */,
			);
			sourceTree = "<group>";
		};
		7732D8312810D631003E08A9 /* Products */ = {
			isa = PBXGroup;
			children = (
				7732D8302810D631003E08A9 /* LocusAssignment.app */,
			);
			name = Products;
			sourceTree = "<group>";
		};
		7732D8322810D631003E08A9 /* LocusAssignment */ = {
			isa = PBXGroup;
			children = (
				7732D8832810E84C003E08A9 /* Common */,
				7732D86B2810E44E003E08A9 /* Features */,
				7732D8482810D8DD003E08A9 /* APIUtility */,
				7732D8332810D631003E08A9 /* AppDelegate.swift */,
				7732D8352810D631003E08A9 /* SceneDelegate.swift */,
				7732D8372810D631003E08A9 /* ViewController.swift */,
				7732D8392810D631003E08A9 /* Main.storyboard */,
				7732D83C2810D633003E08A9 /* Assets.xcassets */,
				7732D83E2810D633003E08A9 /* LaunchScreen.storyboard */,
				7732D8412810D633003E08A9 /* Info.plist */,
			);
			path = LocusAssignment;
			sourceTree = "<group>";
		};
		7732D8482810D8DD003E08A9 /* APIUtility */ = {
			isa = PBXGroup;
			children = (
				7732D8632810DA02003E08A9 /* APIResponseModel */,
				7732D85E2810D90F003E08A9 /* ApiURL.swift */,
				7732D85F2810D90F003E08A9 /* HttpUtility.swift */,
			);
			path = APIUtility;
			sourceTree = "<group>";
		};
		7732D8632810DA02003E08A9 /* APIResponseModel */ = {
			isa = PBXGroup;
			children = (
				7732D8642810DA13003E08A9 /* CurrentWheatherDataResponse.swift */,
				7732D8682810DA2C003E08A9 /* GeoCodingResponse.swift */,
			);
			path = APIResponseModel;
			sourceTree = "<group>";
		};
		7732D86B2810E44E003E08A9 /* Features */ = {
			isa = PBXGroup;
			children = (
				7732D8712810E4C9003E08A9 /* WeatherDetail */,
				7732D86F2810E4A1003E08A9 /* SearchCity */,
				7732D86D2810E4A1003E08A9 /* Splash */,
				7732D8702810E4A1003E08A9 /* WeatherList */,
				7732D89D2813F198003E08A9 /* MasterViewController.swift */,
			);
			path = Features;
			sourceTree = "<group>";
		};
		7732D86D2810E4A1003E08A9 /* Splash */ = {
			isa = PBXGroup;
			children = (
				7732D8772810E4FC003E08A9 /* SplashViewController.swift */,
			);
			path = Splash;
			sourceTree = "<group>";
		};
		7732D86F2810E4A1003E08A9 /* SearchCity */ = {
			isa = PBXGroup;
			children = (
				7732D87A2810E520003E08A9 /* SearchCityViewController.swift */,
				7732D8872810E9C5003E08A9 /* SearchCityViewModel.swift */,
				7732D88A2810E9D1003E08A9 /* SearchCityModel.swift */,
			);
			path = SearchCity;
			sourceTree = "<group>";
		};
		7732D8702810E4A1003E08A9 /* WeatherList */ = {
			isa = PBXGroup;
			children = (
				7732D87D2810E542003E08A9 /* WeatherListViewController.swift */,
				7732D89028112DE1003E08A9 /* WeatherListModel.swift */,
				7732D893281133F8003E08A9 /* WeatherListViewModel.swift */,
			);
			path = WeatherList;
			sourceTree = "<group>";
		};
		7732D8712810E4C9003E08A9 /* WeatherDetail */ = {
			isa = PBXGroup;
			children = (
				7732D8802810E5A6003E08A9 /* WeatherDetailViewController.swift */,
			);
			path = WeatherDetail;
			sourceTree = "<group>";
		};
		7732D8832810E84C003E08A9 /* Common */ = {
			isa = PBXGroup;
			children = (
				7732D8842810E858003E08A9 /* Extensions.swift */,
				7732D88D2810EC5C003E08A9 /* Constants.swift */,
			);
			path = Common;
			sourceTree = "<group>";
		};
/* End PBXGroup section */

/* Begin PBXNativeTarget section */
		7732D82F2810D631003E08A9 /* LocusAssignment */ = {
			isa = PBXNativeTarget;
			buildConfigurationList = 7732D8442810D633003E08A9 /* Build configuration list for PBXNativeTarget "LocusAssignment" */;
			buildPhases = (
				22AC371C5CFBB8765280DD5E /* [CP] Check Pods Manifest.lock */,
				7732D82C2810D631003E08A9 /* Sources */,
				7732D82D2810D631003E08A9 /* Frameworks */,
				7732D82E2810D631003E08A9 /* Resources */,
				C295BDFE9B1E8EC736ECAFF5 /* [CP] Embed Pods Frameworks */,
			);
			buildRules = (
			);
			dependencies = (
			);
			name = LocusAssignment;
			productName = LocusAssignment;
			productReference = 7732D8302810D631003E08A9 /* LocusAssignment.app */;
			productType = "com.apple.product-type.application";
		};
/* End PBXNativeTarget section */

/* Begin PBXProject section */
		7732D8282810D631003E08A9 /* Project object */ = {
			isa = PBXProject;
			attributes = {
				LastSwiftUpdateCheck = 1220;
				LastUpgradeCheck = 1220;
				TargetAttributes = {
					7732D82F2810D631003E08A9 = {
						CreatedOnToolsVersion = 12.2;
					};
				};
			};
			buildConfigurationList = 7732D82B2810D631003E08A9 /* Build configuration list for PBXProject "LocusAssignment" */;
			compatibilityVersion = "Xcode 9.3";
			developmentRegion = en;
			hasScannedForEncodings = 0;
			knownRegions = (
				en,
				Base,
			);
			mainGroup = 7732D8272810D631003E08A9;
			productRefGroup = 7732D8312810D631003E08A9 /* Products */;
			projectDirPath = "";
			projectRoot = "";
			targets = (
				7732D82F2810D631003E08A9 /* LocusAssignment */,
			);
		};
/* End PBXProject section */

/* Begin PBXResourcesBuildPhase section */
		7732D82E2810D631003E08A9 /* Resources */ = {
			isa = PBXResourcesBuildPhase;
			buildActionMask = 2147483647;
			files = (
				7732D8402810D633003E08A9 /* LaunchScreen.storyboard in Resources */,
				7732D83D2810D633003E08A9 /* Assets.xcassets in Resources */,
				7732D83B2810D631003E08A9 /* Main.storyboard in Resources */,
			);
			runOnlyForDeploymentPostprocessing = 0;
		};
/* End PBXResourcesBuildPhase section */

/* Begin PBXShellScriptBuildPhase section */
		22AC371C5CFBB8765280DD5E /* [CP] Check Pods Manifest.lock */ = {
			isa = PBXShellScriptBuildPhase;
			buildActionMask = 2147483647;
			files = (
			);
			inputFileListPaths = (
			);
			inputPaths = (
				"${PODS_PODFILE_DIR_PATH}/Podfile.lock",
				"${PODS_ROOT}/Manifest.lock",
			);
			name = "[CP] Check Pods Manifest.lock";
			outputFileListPaths = (
			);
			outputPaths = (
				"$(DERIVED_FILE_DIR)/Pods-LocusAssignment-checkManifestLockResult.txt",
			);
			runOnlyForDeploymentPostprocessing = 0;
			shellPath = /bin/sh;
			shellScript = "diff \"${PODS_PODFILE_DIR_PATH}/Podfile.lock\" \"${PODS_ROOT}/Manifest.lock\" > /dev/null\nif [ $? != 0 ] ; then\n    # print error to STDERR\n    echo \"error: The sandbox is not in sync with the Podfile.lock. Run 'pod install' or update your CocoaPods installation.\" >&2\n    exit 1\nfi\n# This output is used by Xcode 'outputs' to avoid re-running this script phase.\necho \"SUCCESS\" > \"${SCRIPT_OUTPUT_FILE_0}\"\n";
			showEnvVarsInLog = 0;
		};
		C295BDFE9B1E8EC736ECAFF5 /* [CP] Embed Pods Frameworks */ = {
			isa = PBXShellScriptBuildPhase;
			buildActionMask = 2147483647;
			files = (
			);
			inputFileListPaths = (
				"${PODS_ROOT}/Target Support Files/Pods-LocusAssignment/Pods-LocusAssignment-frameworks-${CONFIGURATION}-input-files.xcfilelist",
			);
			name = "[CP] Embed Pods Frameworks";
			outputFileListPaths = (
				"${PODS_ROOT}/Target Support Files/Pods-LocusAssignment/Pods-LocusAssignment-frameworks-${CONFIGURATION}-output-files.xcfilelist",
			);
			runOnlyForDeploymentPostprocessing = 0;
			shellPath = /bin/sh;
			shellScript = "\"${PODS_ROOT}/Target Support Files/Pods-LocusAssignment/Pods-LocusAssignment-frameworks.sh\"\n";
			showEnvVarsInLog = 0;
		};
/* End PBXShellScriptBuildPhase section */

/* Begin PBXSourcesBuildPhase section */
		7732D82C2810D631003E08A9 /* Sources */ = {
			isa = PBXSourcesBuildPhase;
			buildActionMask = 2147483647;
			files = (
				7732D88B2810E9D1003E08A9 /* SearchCityModel.swift in Sources */,
				7732D8882810E9C5003E08A9 /* SearchCityViewModel.swift in Sources */,
				7732D8652810DA14003E08A9 /* CurrentWheatherDataResponse.swift in Sources */,
				7732D8612810D90F003E08A9 /* HttpUtility.swift in Sources */,
				7732D8602810D90F003E08A9 /* ApiURL.swift in Sources */,
				7732D88E2810EC5C003E08A9 /* Constants.swift in Sources */,
				7732D87B2810E520003E08A9 /* SearchCityViewController.swift in Sources */,
				7732D8382810D631003E08A9 /* ViewController.swift in Sources */,
				7732D87E2810E542003E08A9 /* WeatherListViewController.swift in Sources */,
				7732D8692810DA2C003E08A9 /* GeoCodingResponse.swift in Sources */,
				7732D8852810E858003E08A9 /* Extensions.swift in Sources */,
				7732D894281133F8003E08A9 /* WeatherListViewModel.swift in Sources */,
				7732D8342810D631003E08A9 /* AppDelegate.swift in Sources */,
				7732D8362810D631003E08A9 /* SceneDelegate.swift in Sources */,
				7732D8812810E5A6003E08A9 /* WeatherDetailViewController.swift in Sources */,
				7732D89E2813F198003E08A9 /* MasterViewController.swift in Sources */,
				7732D89128112DE1003E08A9 /* WeatherListModel.swift in Sources */,
				7732D8782810E4FC003E08A9 /* SplashViewController.swift in Sources */,
			);
			runOnlyForDeploymentPostprocessing = 0;
		};
/* End PBXSourcesBuildPhase section */

/* Begin PBXVariantGroup section */
		7732D8392810D631003E08A9 /* Main.storyboard */ = {
			isa = PBXVariantGroup;
			children = (
				7732D83A2810D631003E08A9 /* Base */,
			);
			name = Main.storyboard;
			sourceTree = "<group>";
		};
		7732D83E2810D633003E08A9 /* LaunchScreen.storyboard */ = {
			isa = PBXVariantGroup;
			children = (
				7732D83F2810D633003E08A9 /* Base */,
			);
			name = LaunchScreen.storyboard;
			sourceTree = "<group>";
		};
/* End PBXVariantGroup section */

/* Begin XCBuildConfiguration section */
		7732D8422810D633003E08A9 /* Debug */ = {
			isa = XCBuildConfiguration;
			buildSettings = {
				ALWAYS_SEARCH_USER_PATHS = NO;
				CLANG_ANALYZER_NONNULL = YES;
				CLANG_ANALYZER_NUMBER_OBJECT_CONVERSION = YES_AGGRESSIVE;
				CLANG_CXX_LANGUAGE_STANDARD = "gnu++14";
				CLANG_CXX_LIBRARY = "libc++";
				CLANG_ENABLE_MODULES = YES;
				CLANG_ENABLE_OBJC_ARC = YES;
				CLANG_ENABLE_OBJC_WEAK = YES;
				CLANG_WARN_BLOCK_CAPTURE_AUTORELEASING = YES;
				CLANG_WARN_BOOL_CONVERSION = YES;
				CLANG_WARN_COMMA = YES;
				CLANG_WARN_CONSTANT_CONVERSION = YES;
				CLANG_WARN_DEPRECATED_OBJC_IMPLEMENTATIONS = YES;
				CLANG_WARN_DIRECT_OBJC_ISA_USAGE = YES_ERROR;
				CLANG_WARN_DOCUMENTATION_COMMENTS = YES;
				CLANG_WARN_EMPTY_BODY = YES;
				CLANG_WARN_ENUM_CONVERSION = YES;
				CLANG_WARN_INFINITE_RECURSION = YES;
				CLANG_WARN_INT_CONVERSION = YES;
				CLANG_WARN_NON_LITERAL_NULL_CONVERSION = YES;
				CLANG_WARN_OBJC_IMPLICIT_RETAIN_SELF = YES;
				CLANG_WARN_OBJC_LITERAL_CONVERSION = YES;
				CLANG_WARN_OBJC_ROOT_CLASS = YES_ERROR;
				CLANG_WARN_QUOTED_INCLUDE_IN_FRAMEWORK_HEADER = YES;
				CLANG_WARN_RANGE_LOOP_ANALYSIS = YES;
				CLANG_WARN_STRICT_PROTOTYPES = YES;
				CLANG_WARN_SUSPICIOUS_MOVE = YES;
				CLANG_WARN_UNGUARDED_AVAILABILITY = YES_AGGRESSIVE;
				CLANG_WARN_UNREACHABLE_CODE = YES;
				CLANG_WARN__DUPLICATE_METHOD_MATCH = YES;
				COPY_PHASE_STRIP = NO;
				DEBUG_INFORMATION_FORMAT = dwarf;
				ENABLE_STRICT_OBJC_MSGSEND = YES;
				ENABLE_TESTABILITY = YES;
				GCC_C_LANGUAGE_STANDARD = gnu11;
				GCC_DYNAMIC_NO_PIC = NO;
				GCC_NO_COMMON_BLOCKS = YES;
				GCC_OPTIMIZATION_LEVEL = 0;
				GCC_PREPROCESSOR_DEFINITIONS = (
					"DEBUG=1",
					"$(inherited)",
				);
				GCC_WARN_64_TO_32_BIT_CONVERSION = YES;
				GCC_WARN_ABOUT_RETURN_TYPE = YES_ERROR;
				GCC_WARN_UNDECLARED_SELECTOR = YES;
				GCC_WARN_UNINITIALIZED_AUTOS = YES_AGGRESSIVE;
				GCC_WARN_UNUSED_FUNCTION = YES;
				GCC_WARN_UNUSED_VARIABLE = YES;
				IPHONEOS_DEPLOYMENT_TARGET = 14.2;
				MTL_ENABLE_DEBUG_INFO = INCLUDE_SOURCE;
				MTL_FAST_MATH = YES;
				ONLY_ACTIVE_ARCH = YES;
				SDKROOT = iphoneos;
				SWIFT_ACTIVE_COMPILATION_CONDITIONS = DEBUG;
				SWIFT_OPTIMIZATION_LEVEL = "-Onone";
			};
			name = Debug;
		};
		7732D8432810D633003E08A9 /* Release */ = {
			isa = XCBuildConfiguration;
			buildSettings = {
				ALWAYS_SEARCH_USER_PATHS = NO;
				CLANG_ANALYZER_NONNULL = YES;
				CLANG_ANALYZER_NUMBER_OBJECT_CONVERSION = YES_AGGRESSIVE;
				CLANG_CXX_LANGUAGE_STANDARD = "gnu++14";
				CLANG_CXX_LIBRARY = "libc++";
				CLANG_ENABLE_MODULES = YES;
				CLANG_ENABLE_OBJC_ARC = YES;
				CLANG_ENABLE_OBJC_WEAK = YES;
				CLANG_WARN_BLOCK_CAPTURE_AUTORELEASING = YES;
				CLANG_WARN_BOOL_CONVERSION = YES;
				CLANG_WARN_COMMA = YES;
				CLANG_WARN_CONSTANT_CONVERSION = YES;
				CLANG_WARN_DEPRECATED_OBJC_IMPLEMENTATIONS = YES;
				CLANG_WARN_DIRECT_OBJC_ISA_USAGE = YES_ERROR;
				CLANG_WARN_DOCUMENTATION_COMMENTS = YES;
				CLANG_WARN_EMPTY_BODY = YES;
				CLANG_WARN_ENUM_CONVERSION = YES;
				CLANG_WARN_INFINITE_RECURSION = YES;
				CLANG_WARN_INT_CONVERSION = YES;
				CLANG_WARN_NON_LITERAL_NULL_CONVERSION = YES;
				CLANG_WARN_OBJC_IMPLICIT_RETAIN_SELF = YES;
				CLANG_WARN_OBJC_LITERAL_CONVERSION = YES;
				CLANG_WARN_OBJC_ROOT_CLASS = YES_ERROR;
				CLANG_WARN_QUOTED_INCLUDE_IN_FRAMEWORK_HEADER = YES;
				CLANG_WARN_RANGE_LOOP_ANALYSIS = YES;
				CLANG_WARN_STRICT_PROTOTYPES = YES;
				CLANG_WARN_SUSPICIOUS_MOVE = YES;
				CLANG_WARN_UNGUARDED_AVAILABILITY = YES_AGGRESSIVE;
				CLANG_WARN_UNREACHABLE_CODE = YES;
				CLANG_WARN__DUPLICATE_METHOD_MATCH = YES;
				COPY_PHASE_STRIP = NO;
				DEBUG_INFORMATION_FORMAT = "dwarf-with-dsym";
				ENABLE_NS_ASSERTIONS = NO;
				ENABLE_STRICT_OBJC_MSGSEND = YES;
				GCC_C_LANGUAGE_STANDARD = gnu11;
				GCC_NO_COMMON_BLOCKS = YES;
				GCC_WARN_64_TO_32_BIT_CONVERSION = YES;
				GCC_WARN_ABOUT_RETURN_TYPE = YES_ERROR;
				GCC_WARN_UNDECLARED_SELECTOR = YES;
				GCC_WARN_UNINITIALIZED_AUTOS = YES_AGGRESSIVE;
				GCC_WARN_UNUSED_FUNCTION = YES;
				GCC_WARN_UNUSED_VARIABLE = YES;
				IPHONEOS_DEPLOYMENT_TARGET = 14.2;
				MTL_ENABLE_DEBUG_INFO = NO;
				MTL_FAST_MATH = YES;
				SDKROOT = iphoneos;
				SWIFT_COMPILATION_MODE = wholemodule;
				SWIFT_OPTIMIZATION_LEVEL = "-O";
				VALIDATE_PRODUCT = YES;
			};
			name = Release;
		};
		7732D8452810D633003E08A9 /* Debug */ = {
			isa = XCBuildConfiguration;
			baseConfigurationReference = FFC432B9A5936CBB00688655 /* Pods-LocusAssignment.debug.xcconfig */;
			buildSettings = {
				ASSETCATALOG_COMPILER_APPICON_NAME = AppIcon;
				ASSETCATALOG_COMPILER_GLOBAL_ACCENT_COLOR_NAME = AccentColor;
				CODE_SIGN_STYLE = Automatic;
				DEVELOPMENT_TEAM = MQ7X5VPF23;
				INFOPLIST_FILE = LocusAssignment/Info.plist;
				LD_RUNPATH_SEARCH_PATHS = (
					"$(inherited)",
					"@executable_path/Frameworks",
				);
				PRODUCT_BUNDLE_IDENTIFIER = com.palatable.consumer.LocusAssignment;
				PRODUCT_NAME = "$(TARGET_NAME)";
				SWIFT_VERSION = 5.0;
				TARGETED_DEVICE_FAMILY = "1,2";
			};
			name = Debug;
		};
		7732D8462810D633003E08A9 /* Release */ = {
			isa = XCBuildConfiguration;
			baseConfigurationReference = ED53BD0C2F09E5764EB1A888 /* Pods-LocusAssignment.release.xcconfig */;
			buildSettings = {
				ASSETCATALOG_COMPILER_APPICON_NAME = AppIcon;
				ASSETCATALOG_COMPILER_GLOBAL_ACCENT_COLOR_NAME = AccentColor;
				CODE_SIGN_STYLE = Automatic;
				DEVELOPMENT_TEAM = MQ7X5VPF23;
				INFOPLIST_FILE = LocusAssignment/Info.plist;
				LD_RUNPATH_SEARCH_PATHS = (
					"$(inherited)",
					"@executable_path/Frameworks",
				);
				PRODUCT_BUNDLE_IDENTIFIER = com.palatable.consumer.LocusAssignment;
				PRODUCT_NAME = "$(TARGET_NAME)";
				SWIFT_VERSION = 5.0;
				TARGETED_DEVICE_FAMILY = "1,2";
			};
			name = Release;
		};
/* End XCBuildConfiguration section */

/* Begin XCConfigurationList section */
		7732D82B2810D631003E08A9 /* Build configuration list for PBXProject "LocusAssignment" */ = {
			isa = XCConfigurationList;
			buildConfigurations = (
				7732D8422810D633003E08A9 /* Debug */,
				7732D8432810D633003E08A9 /* Release */,
			);
			defaultConfigurationIsVisible = 0;
			defaultConfigurationName = Release;
		};
		7732D8442810D633003E08A9 /* Build configuration list for PBXNativeTarget "LocusAssignment" */ = {
			isa = XCConfigurationList;
			buildConfigurations = (
				7732D8452810D633003E08A9 /* Debug */,
				7732D8462810D633003E08A9 /* Release */,
			);
			defaultConfigurationIsVisible = 0;
			defaultConfigurationName = Release;
		};
/* End XCConfigurationList section */
	};
	rootObject = 7732D8282810D631003E08A9 /* Project object */;
}
